
Microsoft Visual Studio Solution File, Format Version 12.00
# Visual Studio Version 17
VisualStudioVersion = 17.10.34928.147
MinimumVisualStudioVersion = 10.0.40219.1
Project("{8BC9CEB8-8B4A-11D0-8D11-00A0C91BC942}") = "test_6.24", "test_6.24.vcxproj", "{C181908B-A9B3-405E-BD64-0C913F625143}"
EndProject
Global
	GlobalSection(SolutionConfigurationPlatforms) = preSolution
		Debug|x64 = Debug|x64
		Debug|x86 = Debug|x86
		Release|x64 = Release|x64
		Release|x86 = Release|x86
	EndGlobalSection
	GlobalSection(ProjectConfigurationPlatforms) = postSolution
		{C181908B-A9B3-405E-BD64-0C913F625143}.Debug|x64.ActiveCfg = Debug|x64
		{C181908B-A9B3-405E-BD64-0C913F625143}.Debug|x64.Build.0 = Debug|x64
		{C181908B-A9B3-405E-BD64-0C913F625143}.Debug|x86.ActiveCfg = Debug|Win32
		{C181908B-A9B3-405E-BD64-0C913F625143}.Debug|x86.Build.0 = Debug|Win32
		{C181908B-A9B3-405E-BD64-0C913F625143}.Release|x64.ActiveCfg = Release|x64
		{C181908B-A9B3-405E-BD64-0C913F625143}.Release|x64.Build.0 = Release|x64
		{C181908B-A9B3-405E-BD64-0C913F625143}.Release|x86.ActiveCfg = Release|Win32
		{C181908B-A9B3-405E-BD64-0C913F625143}.Release|x86.Build.0 = Release|Win32
	EndGlobalSection
	GlobalSection(SolutionProperties) = preSolution
		HideSolutionNode = FALSE
	EndGlobalSection
	GlobalSection(ExtensibilityGlobals) = postSolution
		SolutionGuid = {E7ABB2F9-F65E-47FD-9CA7-9286C8456F88}
	EndGlobalSection
EndGlobal
