
Microsoft Visual Studio Solution File, Format Version 12.00
# Visual Studio Version 17
VisualStudioVersion = 17.10.34928.147
MinimumVisualStudioVersion = 10.0.40219.1
Project("{8BC9CEB8-8B4A-11D0-8D11-00A0C91BC942}") = "test_4.14", "test_4.14.vcxproj", "{ECB34A46-AB88-4161-BFCD-0FB2C26B6EAC}"
EndProject
Global
	GlobalSection(SolutionConfigurationPlatforms) = preSolution
		Debug|x64 = Debug|x64
		Debug|x86 = Debug|x86
		Release|x64 = Release|x64
		Release|x86 = Release|x86
	EndGlobalSection
	GlobalSection(ProjectConfigurationPlatforms) = postSolution
		{ECB34A46-AB88-4161-BFCD-0FB2C26B6EAC}.Debug|x64.ActiveCfg = Debug|x64
		{ECB34A46-AB88-4161-BFCD-0FB2C26B6EAC}.Debug|x64.Build.0 = Debug|x64
		{ECB34A46-AB88-4161-BFCD-0FB2C26B6EAC}.Debug|x86.ActiveCfg = Debug|Win32
		{ECB34A46-AB88-4161-BFCD-0FB2C26B6EAC}.Debug|x86.Build.0 = Debug|Win32
		{ECB34A46-AB88-4161-BFCD-0FB2C26B6EAC}.Release|x64.ActiveCfg = Release|x64
		{ECB34A46-AB88-4161-BFCD-0FB2C26B6EAC}.Release|x64.Build.0 = Release|x64
		{ECB34A46-AB88-4161-BFCD-0FB2C26B6EAC}.Release|x86.ActiveCfg = Release|Win32
		{ECB34A46-AB88-4161-BFCD-0FB2C26B6EAC}.Release|x86.Build.0 = Release|Win32
	EndGlobalSection
	GlobalSection(SolutionProperties) = preSolution
		HideSolutionNode = FALSE
	EndGlobalSection
	GlobalSection(ExtensibilityGlobals) = postSolution
		SolutionGuid = {2A14EA3A-F245-49DB-B8E4-3F82C34905E9}
	EndGlobalSection
EndGlobal
